
Microsoft Visual Studio Solution File, Format Version 12.00
# Visual Studio 15
VisualStudioVersion = 15.0.27004.2010
MinimumVisualStudioVersion = 10.0.40219.1
Project("{FAE04EC0-301F-11D3-BF4B-00C04F79EFBC}") = "ObjectPool.Kit", "ObjectPool.Kit\ObjectPool.Kit.csproj", "{28896951-480B-472E-B56C-3C8267BC74F3}"
EndProject
Project("{FAE04EC0-301F-11D3-BF4B-00C04F79EFBC}") = "ObjectPool", "ObjectPool\ObjectPool.csproj", "{B7A22745-9785-4B43-8317-AF92EE8FDE1A}"
EndProject
Project("{FAE04EC0-301F-11D3-BF4B-00C04F79EFBC}") = "ObjectPool.Log", "ObjectPool.Log\ObjectPool.Log.csproj", "{870B9154-30E7-4B9B-89BE-790948FEB481}"
EndProject
Project("{FAE04EC0-301F-11D3-BF4B-00C04F79EFBC}") = "ObjectPool.Utility", "ObjectPool.Utility\ObjectPool.Utility.csproj", "{C74CA153-F8C0-4FB5-83C8-E6420EEDFCB1}"
EndProject
Global
	GlobalSection(SolutionConfigurationPlatforms) = preSolution
		Debug|Any CPU = Debug|Any CPU
		Release|Any CPU = Release|Any CPU
	EndGlobalSection
	GlobalSection(ProjectConfigurationPlatforms) = postSolution
		{28896951-480B-472E-B56C-3C8267BC74F3}.Debug|Any CPU.ActiveCfg = Debug|Any CPU
		{28896951-480B-472E-B56C-3C8267BC74F3}.Debug|Any CPU.Build.0 = Debug|Any CPU
		{28896951-480B-472E-B56C-3C8267BC74F3}.Release|Any CPU.ActiveCfg = Release|Any CPU
		{28896951-480B-472E-B56C-3C8267BC74F3}.Release|Any CPU.Build.0 = Release|Any CPU
		{B7A22745-9785-4B43-8317-AF92EE8FDE1A}.Debug|Any CPU.ActiveCfg = Debug|Any CPU
		{B7A22745-9785-4B43-8317-AF92EE8FDE1A}.Debug|Any CPU.Build.0 = Debug|Any CPU
		{B7A22745-9785-4B43-8317-AF92EE8FDE1A}.Release|Any CPU.ActiveCfg = Release|Any CPU
		{B7A22745-9785-4B43-8317-AF92EE8FDE1A}.Release|Any CPU.Build.0 = Release|Any CPU
		{870B9154-30E7-4B9B-89BE-790948FEB481}.Debug|Any CPU.ActiveCfg = Debug|Any CPU
		{870B9154-30E7-4B9B-89BE-790948FEB481}.Debug|Any CPU.Build.0 = Debug|Any CPU
		{870B9154-30E7-4B9B-89BE-790948FEB481}.Release|Any CPU.ActiveCfg = Release|Any CPU
		{870B9154-30E7-4B9B-89BE-790948FEB481}.Release|Any CPU.Build.0 = Release|Any CPU
		{C74CA153-F8C0-4FB5-83C8-E6420EEDFCB1}.Debug|Any CPU.ActiveCfg = Debug|Any CPU
		{C74CA153-F8C0-4FB5-83C8-E6420EEDFCB1}.Debug|Any CPU.Build.0 = Debug|Any CPU
		{C74CA153-F8C0-4FB5-83C8-E6420EEDFCB1}.Release|Any CPU.ActiveCfg = Release|Any CPU
		{C74CA153-F8C0-4FB5-83C8-E6420EEDFCB1}.Release|Any CPU.Build.0 = Release|Any CPU
	EndGlobalSection
	GlobalSection(SolutionProperties) = preSolution
		HideSolutionNode = FALSE
	EndGlobalSection
	GlobalSection(ExtensibilityGlobals) = postSolution
		SolutionGuid = {FB3CA6CE-DB0F-4223-A067-893A3EAB31BE}
	EndGlobalSection
EndGlobal
